%{"cowboy": {:git, "git://github.com/extend/cowboy.git", "b57f94661f5fd186f55eb0fead49849e0b1399d1", [branch: "1.0.x"]},
  "cowlib": {:git, "git://github.com/ninenines/cowlib.git", "d544a494af4dbc810fc9c15eaf5cc050cced1501", [ref: "1.0.0"]},
  "hexagon": {:git, "git://github.com/veryevilzed/hex.git", "d1afa9c9f37f85d32e6d2d8bf327fc8a15a12f42", []},
  "onion": {:git, "git://github.com/veryevilzed/onion.git", "ea04544365ba76e24c0cab30b13164bd5b67ad64", []},
  "quickrand": {:git, "https://github.com/okeuday/quickrand.git", "82306eb82ff82c89c621b27305b48e17c18cace5", [tag: "v1.3.3"]},
  "ranch": {:git, "git://github.com/ninenines/ranch.git", "adf1822defc2b7cfdc7aca112adabfa1d614043c", [ref: "1.0.0"]},
  "underscorex": {:git, "git://github.com/veryevilzed/underscorex.git", "ee24843b0015356115d6d5622fac07cdffe882b0", []},
  "uuid": {:git, "git://github.com/okeuday/uuid.git", "14426b7a89633f415e63b379a9b8beadda8a186a", []}}
